
Microsoft Visual Studio Solution File, Format Version 12.00
# Visual Studio Version 17
VisualStudioVersion = 17.14.36212.18 d17.14
MinimumVisualStudioVersion = 10.0.40219.1
Project("{FAE04EC0-301F-11D3-BF4B-00C04F79EFBC}") = "BookingReview", "BookingReview.csproj", "{5DF453BB-F3C8-4D49-D90F-D72B56309FD6}"
EndProject
Global
	GlobalSection(SolutionConfigurationPlatforms) = preSolution
		Debug|Any CPU = Debug|Any CPU
		Release|Any CPU = Release|Any CPU
	EndGlobalSection
	GlobalSection(ProjectConfigurationPlatforms) = postSolution
		{5DF453BB-F3C8-4D49-D90F-D72B56309FD6}.Debug|Any CPU.ActiveCfg = Debug|Any CPU
		{5DF453BB-F3C8-4D49-D90F-D72B56309FD6}.Debug|Any CPU.Build.0 = Debug|Any CPU
		{5DF453BB-F3C8-4D49-D90F-D72B56309FD6}.Release|Any CPU.ActiveCfg = Release|Any CPU
		{5DF453BB-F3C8-4D49-D90F-D72B56309FD6}.Release|Any CPU.Build.0 = Release|Any CPU
	EndGlobalSection
	GlobalSection(SolutionProperties) = preSolution
		HideSolutionNode = FALSE
	EndGlobalSection
	GlobalSection(ExtensibilityGlobals) = postSolution
		SolutionGuid = {189521CC-4A62-42D6-85DC-BB2168B3F717}
	EndGlobalSection
EndGlobal
